
Microsoft Visual Studio Solution File, Format Version 12.00
# Visual Studio Version 16
VisualStudioVersion = 16.0.28729.10
MinimumVisualStudioVersion = 10.0.40219.1
Project("{FAE04EC0-301F-11D3-BF4B-00C04F79EFBC}") = "ConsoleApp1", "ConsoleApp1\ConsoleApp1.csproj", "{E73CF98F-C8D6-4DE3-9F6B-87D20A41C46F}"
EndProject
Global
	GlobalSection(SolutionConfigurationPlatforms) = preSolution
		Debug|Any CPU = Debug|Any CPU
		Release|Any CPU = Release|Any CPU
	EndGlobalSection
	GlobalSection(ProjectConfigurationPlatforms) = postSolution
		{E73CF98F-C8D6-4DE3-9F6B-87D20A41C46F}.Debug|Any CPU.ActiveCfg = Debug|Any CPU
		{E73CF98F-C8D6-4DE3-9F6B-87D20A41C46F}.Debug|Any CPU.Build.0 = Debug|Any CPU
		{E73CF98F-C8D6-4DE3-9F6B-87D20A41C46F}.Release|Any CPU.ActiveCfg = Release|Any CPU
		{E73CF98F-C8D6-4DE3-9F6B-87D20A41C46F}.Release|Any CPU.Build.0 = Release|Any CPU
	EndGlobalSection
	GlobalSection(SolutionProperties) = preSolution
		HideSolutionNode = FALSE
	EndGlobalSection
	GlobalSection(ExtensibilityGlobals) = postSolution
		SolutionGuid = {D96E8B5E-60EA-436A-A1D1-D60198522371}
	EndGlobalSection
EndGlobal
